// !$*UTF8*$!
{
	archiveVersion = 1;
	classes = {
	};
	objectVersion = 46;
	objects = {

/* Begin PBXBuildFile section */
		88A13EA21E8AA6E0006C244C /* main.m in Sources */ = {isa = PBXBuildFile; fileRef = 88A13EA11E8AA6E0006C244C /* main.m */; };
		88A13EA51E8AA6E0006C244C /* AppDelegate.m in Sources */ = {isa = PBXBuildFile; fileRef = 88A13EA41E8AA6E0006C244C /* AppDelegate.m */; };
		88A13EA71E8AA6E0006C244C /* Assets.xcassets in Resources */ = {isa = PBXBuildFile; fileRef = 88A13EA61E8AA6E0006C244C /* Assets.xcassets */; };
		88A13EAA1E8AA6E0006C244C /* LaunchScreen.storyboard in Resources */ = {isa = PBXBuildFile; fileRef = 88A13EA81E8AA6E0006C244C /* LaunchScreen.storyboard */; };
		88A13EB51E8AA6E0006C244C /* UI01Tests.m in Sources */ = {isa = PBXBuildFile; fileRef = 88A13EB41E8AA6E0006C244C /* UI01Tests.m */; };
		88A13EC01E8AA6E0006C244C /* UI01UITests.m in Sources */ = {isa = PBXBuildFile; fileRef = 88A13EBF1E8AA6E0006C244C /* UI01UITests.m */; };
		88A13ECF1E8AAC0E006C244C /* FirstViewController.m in Sources */ = {isa = PBXBuildFile; fileRef = 88A13ECE1E8AAC0E006C244C /* FirstViewController.m */; };
/* End PBXBuildFile section */

/* Begin PBXContainerItemProxy section */
		88A13EB11E8AA6E0006C244C /* PBXContainerItemProxy */ = {
			isa = PBXContainerItemProxy;
			containerPortal = 88A13E951E8AA6E0006C244C /* Project object */;
			proxyType = 1;
			remoteGlobalIDString = 88A13E9C1E8AA6E0006C244C;
			remoteInfo = UI01;
		};
		88A13EBC1E8AA6E0006C244C /* PBXContainerItemProxy */ = {
			isa = PBXContainerItemProxy;
			containerPortal = 88A13E951E8AA6E0006C244C /* Project object */;
			proxyType = 1;
			remoteGlobalIDString = 88A13E9C1E8AA6E0006C244C;
			remoteInfo = UI01;
		};
/* End PBXContainerItemProxy section */

/* Begin PBXFileReference section */
		88A13E9D1E8AA6E0006C244C /* UI01.app */ = {isa = PBXFileReference; explicitFileType = wrapper.application; includeInIndex = 0; path = UI01.app; sourceTree = BUILT_PRODUCTS_DIR; };
		88A13EA11E8AA6E0006C244C /* main.m */ = {isa = PBXFileReference; lastKnownFileType = sourcecode.c.objc; path = main.m; sourceTree = "<group>"; };
		88A13EA31E8AA6E0006C244C /* AppDelegate.h */ = {isa = PBXFileReference; lastKnownFileType = sourcecode.c.h; path = AppDelegate.h; sourceTree = "<group>"; };
		88A13EA41E8AA6E0006C244C /* AppDelegate.m */ = {isa = PBXFileReference; lastKnownFileType = sourcecode.c.objc; path = AppDelegate.m; sourceTree = "<group>"; };
		88A13EA61E8AA6E0006C244C /* Assets.xcassets */ = {isa = PBXFileReference; lastKnownFileType = folder.assetcatalog; path = Assets.xcassets; sourceTree = "<group>"; };
		88A13EA91E8AA6E0006C244C /* Base */ = {isa = PBXFileReference; lastKnownFileType = file.storyboard; name = Base; path = Base.lproj/LaunchScreen.storyboard; sourceTree = "<group>"; };
		88A13EAB1E8AA6E0006C244C /* Info.plist */ = {isa = PBXFileReference; lastKnownFileType = text.plist.xml; path = Info.plist; sourceTree = "<group>"; };
		88A13EB01E8AA6E0006C244C /* UI01Tests.xctest */ = {isa = PBXFileReference; explicitFileType = wrapper.cfbundle; includeInIndex = 0; path = UI01Tests.xctest; sourceTree = BUILT_PRODUCTS_DIR; };
		88A13EB41E8AA6E0006C244C /* UI01Tests.m */ = {isa = PBXFileReference; lastKnownFileType = sourcecode.c.objc; path = UI01Tests.m; sourceTree = "<group>"; };
		88A13EB61E8AA6E0006C244C /* Info.plist */ = {isa = PBXFileReference; lastKnownFileType = text.plist.xml; path = Info.plist; sourceTree = "<group>"; };
		88A13EBB1E8AA6E0006C244C /* UI01UITests.xctest */ = {isa = PBXFileReference; explicitFileType = wrapper.cfbundle; includeInIndex = 0; path = UI01UITests.xctest; sourceTree = BUILT_PRODUCTS_DIR; };
		88A13EBF1E8AA6E0006C244C /* UI01UITests.m */ = {isa = PBXFileReference; lastKnownFileType = sourcecode.c.objc; path = UI01UITests.m; sourceTree = "<group>"; };
		88A13EC11E8AA6E0006C244C /* Info.plist */ = {isa = PBXFileReference; lastKnownFileType = text.plist.xml; path = Info.plist; sourceTree = "<group>"; };
		88A13ECD1E8AAC0E006C244C /* FirstViewController.h */ = {isa = PBXFileReference; fileEncoding = 4; lastKnownFileType = sourcecode.c.h; path = FirstViewController.h; sourceTree = "<group>"; };
		88A13ECE1E8AAC0E006C244C /* FirstViewController.m */ = {isa = PBXFileReference; fileEncoding = 4; lastKnownFileType = sourcecode.c.objc; path = FirstViewController.m; sourceTree = "<group>"; };
/* End PBXFileReference section */

/* Begin PBXFrameworksBuildPhase section */
		88A13E9A1E8AA6E0006C244C /* Frameworks */ = {
			isa = PBXFrameworksBuildPhase;
			buildActionMask = 2147483647;
			files = (
			);
			runOnlyForDeploymentPostprocessing = 0;
		};
		88A13EAD1E8AA6E0006C244C /* Frameworks */ = {
			isa = PBXFrameworksBuildPhase;
			buildActionMask = 2147483647;
			files = (
			);
			runOnlyForDeploymentPostprocessing = 0;
		};
		88A13EB81E8AA6E0006C244C /* Frameworks */ = {
			isa = PBXFrameworksBuildPhase;
			buildActionMask = 2147483647;
			files = (
			);
			runOnlyForDeploymentPostprocessing = 0;
		};
/* End PBXFrameworksBuildPhase section */

/* Begin PBXGroup section */
		88A13E941E8AA6E0006C244C = {
			isa = PBXGroup;
			children = (
				88A13E9F1E8AA6E0006C244C /* UI01 */,
				88A13EB31E8AA6E0006C244C /* UI01Tests */,
				88A13EBE1E8AA6E0006C244C /* UI01UITests */,
				88A13E9E1E8AA6E0006C244C /* Products */,
			);
			sourceTree = "<group>";
		};
		88A13E9E1E8AA6E0006C244C /* Products */ = {
			isa = PBXGroup;
			children = (
				88A13E9D1E8AA6E0006C244C /* UI01.app */,
				88A13EB01E8AA6E0006C244C /* UI01Tests.xctest */,
				88A13EBB1E8AA6E0006C244C /* UI01UITests.xctest */,
			);
			name = Products;
			sourceTree = "<group>";
		};
		88A13E9F1E8AA6E0006C244C /* UI01 */ = {
			isa = PBXGroup;
			children = (
				88A13ECD1E8AAC0E006C244C /* FirstViewController.h */,
				88A13ECE1E8AAC0E006C244C /* FirstViewController.m */,
				88A13EA31E8AA6E0006C244C /* AppDelegate.h */,
				88A13EA41E8AA6E0006C244C /* AppDelegate.m */,
				88A13EA61E8AA6E0006C244C /* Assets.xcassets */,
				88A13EA81E8AA6E0006C244C /* LaunchScreen.storyboard */,
				88A13EAB1E8AA6E0006C244C /* Info.plist */,
				88A13EA01E8AA6E0006C244C /* Supporting Files */,
			);
			path = UI01;
			sourceTree = "<group>";
		};
		88A13EA01E8AA6E0006C244C /* Supporting Files */ = {
			isa = PBXGroup;
			children = (
				88A13EA11E8AA6E0006C244C /* main.m */,
			);
			name = "Supporting Files";
			sourceTree = "<group>";
		};
		88A13EB31E8AA6E0006C244C /* UI01Tests */ = {
			isa = PBXGroup;
			children = (
				88A13EB41E8AA6E0006C244C /* UI01Tests.m */,
				88A13EB61E8AA6E0006C244C /* Info.plist */,
			);
			path = UI01Tests;
			sourceTree = "<group>";
		};
		88A13EBE1E8AA6E0006C244C /* UI01UITests */ = {
			isa = PBXGroup;
			children = (
				88A13EBF1E8AA6E0006C244C /* UI01UITests.m */,
				88A13EC11E8AA6E0006C244C /* Info.plist */,
			);
			path = UI01UITests;
			sourceTree = "<group>";
		};
/* End PBXGroup section */

/* Begin PBXNativeTarget section */
		88A13E9C1E8AA6E0006C244C /* UI01 */ = {
			isa = PBXNativeTarget;
			buildConfigurationList = 88A13EC41E8AA6E0006C244C /* Build configuration list for PBXNativeTarget "UI01" */;
			buildPhases = (
				88A13E991E8AA6E0006C244C /* Sources */,
				88A13E9A1E8AA6E0006C244C /* Frameworks */,
				88A13E9B1E8AA6E0006C244C /* Resources */,
			);
			buildRules = (
			);
			dependencies = (
			);
			name = UI01;
			productName = UI01;
			productReference = 88A13E9D1E8AA6E0006C244C /* UI01.app */;
			productType = "com.apple.product-type.application";
		};
		88A13EAF1E8AA6E0006C244C /* UI01Tests */ = {
			isa = PBXNativeTarget;
			buildConfigurationList = 88A13EC71E8AA6E0006C244C /* Build configuration list for PBXNativeTarget "UI01Tests" */;
			buildPhases = (
				88A13EAC1E8AA6E0006C244C /* Sources */,
				88A13EAD1E8AA6E0006C244C /* Frameworks */,
				88A13EAE1E8AA6E0006C244C /* Resources */,
			);
			buildRules = (
			);
			dependencies = (
				88A13EB21E8AA6E0006C244C /* PBXTargetDependency */,
			);
			name = UI01Tests;
			productName = UI01Tests;
			productReference = 88A13EB01E8AA6E0006C244C /* UI01Tests.xctest */;
			productType = "com.apple.product-type.bundle.unit-test";
		};
		88A13EBA1E8AA6E0006C244C /* UI01UITests */ = {
			isa = PBXNativeTarget;
			buildConfigurationList = 88A13ECA1E8AA6E0006C244C /* Build configuration list for PBXNativeTarget "UI01UITests" */;
			buildPhases = (
				88A13EB71E8AA6E0006C244C /* Sources */,
				88A13EB81E8AA6E0006C244C /* Frameworks */,
				88A13EB91E8AA6E0006C244C /* Resources */,
			);
			buildRules = (
			);
			dependencies = (
				88A13EBD1E8AA6E0006C244C /* PBXTargetDependency */,
			);
			name = UI01UITests;
			productName = UI01UITests;
			productReference = 88A13EBB1E8AA6E0006C244C /* UI01UITests.xctest */;
			productType = "com.apple.product-type.bundle.ui-testing";
		};
/* End PBXNativeTarget section */

/* Begin PBXProject section */
		88A13E951E8AA6E0006C244C /* Project object */ = {
			isa = PBXProject;
			attributes = {
				LastUpgradeCheck = 0820;
				ORGANIZATIONNAME = "王宇";
				TargetAttributes = {
					88A13E9C1E8AA6E0006C244C = {
						CreatedOnToolsVersion = 8.2.1;
						DevelopmentTeam = P3QA5KR7JS;
						ProvisioningStyle = Automatic;
					};
					88A13EAF1E8AA6E0006C244C = {
						CreatedOnToolsVersion = 8.2.1;
						DevelopmentTeam = P3QA5KR7JS;
						ProvisioningStyle = Automatic;
						TestTargetID = 88A13E9C1E8AA6E0006C244C;
					};
					88A13EBA1E8AA6E0006C244C = {
						CreatedOnToolsVersion = 8.2.1;
						DevelopmentTeam = P3QA5KR7JS;
						ProvisioningStyle = Automatic;
						TestTargetID = 88A13E9C1E8AA6E0006C244C;
					};
				};
			};
			buildConfigurationList = 88A13E981E8AA6E0006C244C /* Build configuration list for PBXProject "UI01" */;
			compatibilityVersion = "Xcode 3.2";
			developmentRegion = English;
			hasScannedForEncodings = 0;
			knownRegions = (
				en,
				Base,
			);
			mainGroup = 88A13E941E8AA6E0006C244C;
			productRefGroup = 88A13E9E1E8AA6E0006C244C /* Products */;
			projectDirPath = "";
			projectRoot = "";
			targets = (
				88A13E9C1E8AA6E0006C244C /* UI01 */,
				88A13EAF1E8AA6E0006C244C /* UI01Tests */,
				88A13EBA1E8AA6E0006C244C /* UI01UITests */,
			);
		};
/* End PBXProject section */

/* Begin PBXResourcesBuildPhase section */
		88A13E9B1E8AA6E0006C244C /* Resources */ = {
			isa = PBXResourcesBuildPhase;
			buildActionMask = 2147483647;
			files = (
				88A13EA71E8AA6E0006C244C /* Assets.xcassets in Resources */,
				88A13EAA1E8AA6E0006C244C /* LaunchScreen.storyboard in Resources */,
			);
			runOnlyForDeploymentPostprocessing = 0;
		};
		88A13EAE1E8AA6E0006C244C /* Resources */ = {
			isa = PBXResourcesBuildPhase;
			buildActionMask = 2147483647;
			files = (
			);
			runOnlyForDeploymentPostprocessing = 0;
		};
		88A13EB91E8AA6E0006C244C /* Resources */ = {
			isa = PBXResourcesBuildPhase;
			buildActionMask = 2147483647;
			files = (
			);
			runOnlyForDeploymentPostprocessing = 0;
		};
/* End PBXResourcesBuildPhase section */

/* Begin PBXSourcesBuildPhase section */
		88A13E991E8AA6E0006C244C /* Sources */ = {
			isa = PBXSourcesBuildPhase;
			buildActionMask = 2147483647;
			files = (
				88A13EA51E8AA6E0006C244C /* AppDelegate.m in Sources */,
				88A13ECF1E8AAC0E006C244C /* FirstViewController.m in Sources */,
				88A13EA21E8AA6E0006C244C /* main.m in Sources */,
			);
			runOnlyForDeploymentPostprocessing = 0;
		};
		88A13EAC1E8AA6E0006C244C /* Sources */ = {
			isa = PBXSourcesBuildPhase;
			buildActionMask = 2147483647;
			files = (
				88A13EB51E8AA6E0006C244C /* UI01Tests.m in Sources */,
			);
			runOnlyForDeploymentPostprocessing = 0;
		};
		88A13EB71E8AA6E0006C244C /* Sources */ = {
			isa = PBXSourcesBuildPhase;
			buildActionMask = 2147483647;
			files = (
				88A13EC01E8AA6E0006C244C /* UI01UITests.m in Sources */,
			);
			runOnlyForDeploymentPostprocessing = 0;
		};
/* End PBXSourcesBuildPhase section */

/* Begin PBXTargetDependency section */
		88A13EB21E8AA6E0006C244C /* PBXTargetDependency */ = {
			isa = PBXTargetDependency;
			target = 88A13E9C1E8AA6E0006C244C /* UI01 */;
			targetProxy = 88A13EB11E8AA6E0006C244C /* PBXContainerItemProxy */;
		};
		88A13EBD1E8AA6E0006C244C /* PBXTargetDependency */ = {
			isa = PBXTargetDependency;
			target = 88A13E9C1E8AA6E0006C244C /* UI01 */;
			targetProxy = 88A13EBC1E8AA6E0006C244C /* PBXContainerItemProxy */;
		};
/* End PBXTargetDependency section */

/* Begin PBXVariantGroup section */
		88A13EA81E8AA6E0006C244C /* LaunchScreen.storyboard */ = {
			isa = PBXVariantGroup;
			children = (
				88A13EA91E8AA6E0006C244C /* Base */,
			);
			name = LaunchScreen.storyboard;
			sourceTree = "<group>";
		};
/* End PBXVariantGroup section */

/* Begin XCBuildConfiguration section */
		88A13EC21E8AA6E0006C244C /* Debug */ = {
			isa = XCBuildConfiguration;
			buildSettings = {
				ALWAYS_SEARCH_USER_PATHS = NO;
				CLANG_ANALYZER_NONNULL = YES;
				CLANG_CXX_LANGUAGE_STANDARD = "gnu++0x";
				CLANG_CXX_LIBRARY = "libc++";
				CLANG_ENABLE_MODULES = YES;
				CLANG_ENABLE_OBJC_ARC = YES;
				CLANG_WARN_BOOL_CONVERSION = YES;
				CLANG_WARN_CONSTANT_CONVERSION = YES;
				CLANG_WARN_DIRECT_OBJC_ISA_USAGE = YES_ERROR;
				CLANG_WARN_DOCUMENTATION_COMMENTS = YES;
				CLANG_WARN_EMPTY_BODY = YES;
				CLANG_WARN_ENUM_CONVERSION = YES;
				CLANG_WARN_INFINITE_RECURSION = YES;
				CLANG_WARN_INT_CONVERSION = YES;
				CLANG_WARN_OBJC_ROOT_CLASS = YES_ERROR;
				CLANG_WARN_SUSPICIOUS_MOVE = YES;
				CLANG_WARN_UNREACHABLE_CODE = YES;
				CLANG_WARN__DUPLICATE_METHOD_MATCH = YES;
				"CODE_SIGN_IDENTITY[sdk=iphoneos*]" = "iPhone Developer";
				COPY_PHASE_STRIP = NO;
				DEBUG_INFORMATION_FORMAT = dwarf;
				ENABLE_STRICT_OBJC_MSGSEND = YES;
				ENABLE_TESTABILITY = YES;
				GCC_C_LANGUAGE_STANDARD = gnu99;
				GCC_DYNAMIC_NO_PIC = NO;
				GCC_NO_COMMON_BLOCKS = YES;
				GCC_OPTIMIZATION_LEVEL = 0;
				GCC_PREPROCESSOR_DEFINITIONS = (
					"DEBUG=1",
					"$(inherited)",
				);
				GCC_WARN_64_TO_32_BIT_CONVERSION = YES;
				GCC_WARN_ABOUT_RETURN_TYPE = YES_ERROR;
				GCC_WARN_UNDECLARED_SELECTOR = YES;
				GCC_WARN_UNINITIALIZED_AUTOS = YES_AGGRESSIVE;
				GCC_WARN_UNUSED_FUNCTION = YES;
				GCC_WARN_UNUSED_VARIABLE = YES;
				IPHONEOS_DEPLOYMENT_TARGET = 10.2;
				MTL_ENABLE_DEBUG_INFO = YES;
				ONLY_ACTIVE_ARCH = YES;
				SDKROOT = iphoneos;
				TARGETED_DEVICE_FAMILY = "1,2";
			};
			name = Debug;
		};
		88A13EC31E8AA6E0006C244C /* Release */ = {
			isa = XCBuildConfiguration;
			buildSettings = {
				ALWAYS_SEARCH_USER_PATHS = NO;
				CLANG_ANALYZER_NONNULL = YES;
				CLANG_CXX_LANGUAGE_STANDARD = "gnu++0x";
				CLANG_CXX_LIBRARY = "libc++";
				CLANG_ENABLE_MODULES = YES;
				CLANG_ENABLE_OBJC_ARC = YES;
				CLANG_WARN_BOOL_CONVERSION = YES;
				CLANG_WARN_CONSTANT_CONVERSION = YES;
				CLANG_WARN_DIRECT_OBJC_ISA_USAGE = YES_ERROR;
				CLANG_WARN_DOCUMENTATION_COMMENTS = YES;
				CLANG_WARN_EMPTY_BODY = YES;
				CLANG_WARN_ENUM_CONVERSION = YES;
				CLANG_WARN_INFINITE_RECURSION = YES;
				CLANG_WARN_INT_CONVERSION = YES;
				CLANG_WARN_OBJC_ROOT_CLASS = YES_ERROR;
				CLANG_WARN_SUSPICIOUS_MOVE = YES;
				CLANG_WARN_UNREACHABLE_CODE = YES;
				CLANG_WARN__DUPLICATE_METHOD_MATCH = YES;
				"CODE_SIGN_IDENTITY[sdk=iphoneos*]" = "iPhone Developer";
				COPY_PHASE_STRIP = NO;
				DEBUG_INFORMATION_FORMAT = "dwarf-with-dsym";
				ENABLE_NS_ASSERTIONS = NO;
				ENABLE_STRICT_OBJC_MSGSEND = YES;
				GCC_C_LANGUAGE_STANDARD = gnu99;
				GCC_NO_COMMON_BLOCKS = YES;
				GCC_WARN_64_TO_32_BIT_CONVERSION = YES;
				GCC_WARN_ABOUT_RETURN_TYPE = YES_ERROR;
				GCC_WARN_UNDECLARED_SELECTOR = YES;
				GCC_WARN_UNINITIALIZED_AUTOS = YES_AGGRESSIVE;
				GCC_WARN_UNUSED_FUNCTION = YES;
				GCC_WARN_UNUSED_VARIABLE = YES;
				IPHONEOS_DEPLOYMENT_TARGET = 10.2;
				MTL_ENABLE_DEBUG_INFO = NO;
				SDKROOT = iphoneos;
				TARGETED_DEVICE_FAMILY = "1,2";
				VALIDATE_PRODUCT = YES;
			};
			name = Release;
		};
		88A13EC51E8AA6E0006C244C /* Debug */ = {
			isa = XCBuildConfiguration;
			buildSettings = {
				ASSETCATALOG_COMPILER_APPICON_NAME = AppIcon;
				DEVELOPMENT_TEAM = P3QA5KR7JS;
				INFOPLIST_FILE = UI01/Info.plist;
				LD_RUNPATH_SEARCH_PATHS = "$(inherited) @executable_path/Frameworks";
				PRODUCT_BUNDLE_IDENTIFIER = com.wangyu.UI01;
				PRODUCT_NAME = "$(TARGET_NAME)";
			};
			name = Debug;
		};
		88A13EC61E8AA6E0006C244C /* Release */ = {
			isa = XCBuildConfiguration;
			buildSettings = {
				ASSETCATALOG_COMPILER_APPICON_NAME = AppIcon;
				DEVELOPMENT_TEAM = P3QA5KR7JS;
				INFOPLIST_FILE = UI01/Info.plist;
				LD_RUNPATH_SEARCH_PATHS = "$(inherited) @executable_path/Frameworks";
				PRODUCT_BUNDLE_IDENTIFIER = com.wangyu.UI01;
				PRODUCT_NAME = "$(TARGET_NAME)";
			};
			name = Release;
		};
		88A13EC81E8AA6E0006C244C /* Debug */ = {
			isa = XCBuildConfiguration;
			buildSettings = {
				BUNDLE_LOADER = "$(TEST_HOST)";
				DEVELOPMENT_TEAM = P3QA5KR7JS;
				INFOPLIST_FILE = UI01Tests/Info.plist;
				LD_RUNPATH_SEARCH_PATHS = "$(inherited) @executable_path/Frameworks @loader_path/Frameworks";
				PRODUCT_BUNDLE_IDENTIFIER = com.wangyu.UI01Tests;
				PRODUCT_NAME = "$(TARGET_NAME)";
				TEST_HOST = "$(BUILT_PRODUCTS_DIR)/UI01.app/UI01";
			};
			name = Debug;
		};
		88A13EC91E8AA6E0006C244C /* Release */ = {
			isa = XCBuildConfiguration;
			buildSettings = {
				BUNDLE_LOADER = "$(TEST_HOST)";
				DEVELOPMENT_TEAM = P3QA5KR7JS;
				INFOPLIST_FILE = UI01Tests/Info.plist;
				LD_RUNPATH_SEARCH_PATHS = "$(inherited) @executable_path/Frameworks @loader_path/Frameworks";
				PRODUCT_BUNDLE_IDENTIFIER = com.wangyu.UI01Tests;
				PRODUCT_NAME = "$(TARGET_NAME)";
				TEST_HOST = "$(BUILT_PRODUCTS_DIR)/UI01.app/UI01";
			};
			name = Release;
		};
		88A13ECB1E8AA6E0006C244C /* Debug */ = {
			isa = XCBuildConfiguration;
			buildSettings = {
				DEVELOPMENT_TEAM = P3QA5KR7JS;
				INFOPLIST_FILE = UI01UITests/Info.plist;
				LD_RUNPATH_SEARCH_PATHS = "$(inherited) @executable_path/Frameworks @loader_path/Frameworks";
				PRODUCT_BUNDLE_IDENTIFIER = com.wangyu.UI01UITests;
				PRODUCT_NAME = "$(TARGET_NAME)";
				TEST_TARGET_NAME = UI01;
			};
			name = Debug;
		};
		88A13ECC1E8AA6E0006C244C /* Release */ = {
			isa = XCBuildConfiguration;
			buildSettings = {
				DEVELOPMENT_TEAM = P3QA5KR7JS;
				INFOPLIST_FILE = UI01UITests/Info.plist;
				LD_RUNPATH_SEARCH_PATHS = "$(inherited) @executable_path/Frameworks @loader_path/Frameworks";
				PRODUCT_BUNDLE_IDENTIFIER = com.wangyu.UI01UITests;
				PRODUCT_NAME = "$(TARGET_NAME)";
				TEST_TARGET_NAME = UI01;
			};
			name = Release;
		};
/* End XCBuildConfiguration section */

/* Begin XCConfigurationList section */
		88A13E981E8AA6E0006C244C /* Build configuration list for PBXProject "UI01" */ = {
			isa = XCConfigurationList;
			buildConfigurations = (
				88A13EC21E8AA6E0006C244C /* Debug */,
				88A13EC31E8AA6E0006C244C /* Release */,
			);
			defaultConfigurationIsVisible = 0;
			defaultConfigurationName = Release;
		};
		88A13EC41E8AA6E0006C244C /* Build configuration list for PBXNativeTarget "UI01" */ = {
			isa = XCConfigurationList;
			buildConfigurations = (
				88A13EC51E8AA6E0006C244C /* Debug */,
				88A13EC61E8AA6E0006C244C /* Release */,
			);
			defaultConfigurationIsVisible = 0;
		};
		88A13EC71E8AA6E0006C244C /* Build configuration list for PBXNativeTarget "UI01Tests" */ = {
			isa = XCConfigurationList;
			buildConfigurations = (
				88A13EC81E8AA6E0006C244C /* Debug */,
				88A13EC91E8AA6E0006C244C /* Release */,
			);
			defaultConfigurationIsVisible = 0;
		};
		88A13ECA1E8AA6E0006C244C /* Build configuration list for PBXNativeTarget "UI01UITests" */ = {
			isa = XCConfigurationList;
			buildConfigurations = (
				88A13ECB1E8AA6E0006C244C /* Debug */,
				88A13ECC1E8AA6E0006C244C /* Release */,
			);
			defaultConfigurationIsVisible = 0;
		};
/* End XCConfigurationList section */
	};
	rootObject = 88A13E951E8AA6E0006C244C /* Project object */;
}
